version: 6
environments:
  default:
    channels:
    - url: https://conda.anaconda.org/conda-forge/
    options:
      pypi-prerelease-mode: if-necessary-or-explicit
    packages:
      linux-64:
      - conda: https://conda.anaconda.org/conda-forge/linux-64/_openmp_mutex-4.5-20_gnu.conda
      - conda: https://conda.anaconda.org/conda-forge/linux-64/binutils-2.45.1-default_h4852527_102.conda
      - conda: https://conda.anaconda.org/conda-forge/linux-64/binutils_impl_linux-64-2.45.1-default_hfdba357_102.conda
      - conda: https://conda.anaconda.org/conda-forge/linux-64/bzip2-1.0.8-hda65f42_9.conda
      - conda: https://conda.anaconda.org/conda-forge/linux-64/c-ares-1.34.6-hb03c661_0.conda
      - conda: https://conda.anaconda.org/conda-forge/noarch/ca-certificates-2026.2.25-hbd8a1cb_0.conda
      - conda: https://conda.anaconda.org/conda-forge/linux-64/clang-21-21.1.8-default_h99862b1_3.conda
      - conda: https://conda.anaconda.org/conda-forge/linux-64/clang-21.1.8-default_cfg_hcbb2b3e_3.conda
      - conda: https://conda.anaconda.org/conda-forge/linux-64/clang_impl_linux-64-21.1.8-default_h0a60c25_3.conda
      - conda: https://conda.anaconda.org/conda-forge/linux-64/cmake-4.3.1-hc85cc9f_0.conda
      - conda: https://conda.anaconda.org/conda-forge/linux-64/compiler-rt-21.1.8-ha770c72_1.conda
      - conda: https://conda.anaconda.org/conda-forge/linux-64/compiler-rt21-21.1.8-hb700be7_1.conda
      - conda: https://conda.anaconda.org/conda-forge/noarch/compiler-rt21_linux-64-21.1.8-hffcefe0_1.conda
      - conda: https://conda.anaconda.org/conda-forge/noarch/compiler-rt_linux-64-21.1.8-ha770c72_1.conda
      - conda: https://conda.anaconda.org/conda-forge/linux-64/git-2.53.0-pl5321h6d3cee1_0.conda
      - conda: https://conda.anaconda.org/conda-forge/noarch/kernel-headers_linux-64-4.18.0-he073ed8_9.conda
      - conda: https://conda.anaconda.org/conda-forge/linux-64/keyutils-1.6.3-hb9d3cd8_0.conda
      - conda: https://conda.anaconda.org/conda-forge/linux-64/krb5-1.22.2-ha1258a1_0.conda
      - conda: https://conda.anaconda.org/conda-forge/linux-64/ld_impl_linux-64-2.45.1-default_hbd61a6d_102.conda
      - conda: https://conda.anaconda.org/conda-forge/linux-64/libclang-cpp21.1-21.1.8-default_h99862b1_3.conda
      - conda: https://conda.anaconda.org/conda-forge/linux-64/libcompiler-rt-21.1.8-hb700be7_1.conda
      - conda: https://conda.anaconda.org/conda-forge/linux-64/libcurl-8.19.0-hcf29cc6_0.conda
      - conda: https://conda.anaconda.org/conda-forge/linux-64/libedit-3.1.20250104-pl5321h7949ede_0.conda
      - conda: https://conda.anaconda.org/conda-forge/linux-64/libev-4.33-hd590300_2.conda
      - conda: https://conda.anaconda.org/conda-forge/linux-64/libexpat-2.7.5-hecca717_0.conda
      - conda: https://conda.anaconda.org/conda-forge/linux-64/libgcc-15.2.0-he0feb66_18.conda
      - conda: https://conda.anaconda.org/conda-forge/noarch/libgcc-devel_linux-64-15.2.0-hcc6f6b0_118.conda
      - conda: https://conda.anaconda.org/conda-forge/linux-64/libgcc-ng-15.2.0-h69a702a_18.conda
      - conda: https://conda.anaconda.org/conda-forge/linux-64/libgomp-15.2.0-he0feb66_18.conda
      - conda: https://conda.anaconda.org/conda-forge/linux-64/libiconv-1.18-h3b78370_2.conda
      - conda: https://conda.anaconda.org/conda-forge/linux-64/libllvm21-21.1.8-hf7376ad_0.conda
      - conda: https://conda.anaconda.org/conda-forge/linux-64/liblzma-5.8.3-hb03c661_0.conda
      - conda: https://conda.anaconda.org/conda-forge/linux-64/libnghttp2-1.68.1-h877daf1_0.conda
      - conda: https://conda.anaconda.org/conda-forge/linux-64/libssh2-1.11.1-hcf80075_0.conda
      - conda: https://conda.anaconda.org/conda-forge/linux-64/libstdcxx-15.2.0-h934c35e_18.conda
      - conda: https://conda.anaconda.org/conda-forge/linux-64/libuv-1.51.0-hb03c661_1.conda
      - conda: https://conda.anaconda.org/conda-forge/linux-64/libxcrypt-4.4.36-hd590300_1.conda
      - conda: https://conda.anaconda.org/conda-forge/linux-64/libxml2-16-2.15.2-hf2a90c1_0.conda
      - conda: https://conda.anaconda.org/conda-forge/linux-64/libxml2-2.15.2-h031cc0b_0.conda
      - conda: https://conda.anaconda.org/conda-forge/linux-64/libzlib-1.3.2-h25fd6f3_2.conda
      - conda: https://conda.anaconda.org/conda-forge/linux-64/llvm-openmp-22.1.3-h4922eb0_0.conda
      - conda: https://conda.anaconda.org/conda-forge/linux-64/ncurses-6.5-h2d0b736_3.conda
      - conda: https://conda.anaconda.org/conda-forge/linux-64/ninja-1.12.1-hff21bea_1.conda
      - conda: https://conda.anaconda.org/conda-forge/linux-64/openssl-3.6.2-h35e630c_0.conda
      - conda: https://conda.anaconda.org/conda-forge/linux-64/pcre2-10.47-haa7fec5_0.conda
      - conda: https://conda.anaconda.org/conda-forge/linux-64/perl-5.32.1-7_hd590300_perl5.conda
      - conda: https://conda.anaconda.org/conda-forge/linux-64/rhash-1.4.6-hb9d3cd8_1.conda
      - conda: https://conda.anaconda.org/conda-forge/noarch/sysroot_linux-64-2.28-h4ee821c_9.conda
      - conda: https://conda.anaconda.org/conda-forge/noarch/tzdata-2025c-hc9c84f9_1.conda
      - conda: https://conda.anaconda.org/conda-forge/linux-64/zstd-1.5.7-hb78ec9c_6.conda
packages:
- conda: https://conda.anaconda.org/conda-forge/linux-64/_openmp_mutex-4.5-20_gnu.conda
  build_number: 20
  sha256: 1dd3fffd892081df9726d7eb7e0dea6198962ba775bd88842135a4ddb4deb3c9
  md5: a9f577daf3de00bca7c3c76c0ecbd1de
  depends:
  - __glibc >=2.17,<3.0.a0
  - libgomp >=7.5.0
  constrains:
  - openmp_impl <0.0a0
  license: BSD-3-Clause
  license_family: BSD
  size: 28948
  timestamp: 1770939786096
- conda: https://conda.anaconda.org/conda-forge/linux-64/binutils-2.45.1-default_h4852527_102.conda
  sha256: 3c7c5580c1720206f28b7fa3d60d17986b3f32465e63009c14c9ae1ea64f926c
  md5: 212fe5f1067445544c99dc1c847d032c
  depends:
  - binutils_impl_linux-64 >=2.45.1,<2.45.2.0a0
  license: GPL-3.0-only
  license_family: GPL
  size: 35436
  timestamp: 1774197482571
- conda: https://conda.anaconda.org/conda-forge/linux-64/binutils_impl_linux-64-2.45.1-default_hfdba357_102.conda
  sha256: 0a7d405064f53b9d91d92515f1460f7906ee5e8523f3cd8973430e81219f4917
  md5: 8165352fdce2d2025bf884dc0ee85700
  depends:
  - ld_impl_linux-64 2.45.1 default_hbd61a6d_102
  - sysroot_linux-64
  - zstd >=1.5.7,<1.6.0a0
  license: GPL-3.0-only
  license_family: GPL
  size: 3661455
  timestamp: 1774197460085
- conda: https://conda.anaconda.org/conda-forge/linux-64/bzip2-1.0.8-hda65f42_9.conda
  sha256: 0b75d45f0bba3e95dc693336fa51f40ea28c980131fec438afb7ce6118ed05f6
  md5: d2ffd7602c02f2b316fd921d39876885
  depends:
  - __glibc >=2.17,<3.0.a0
  - libgcc >=14
  license: bzip2-1.0.6
  license_family: BSD
  size: 260182
  timestamp: 1771350215188
- conda: https://conda.anaconda.org/conda-forge/linux-64/c-ares-1.34.6-hb03c661_0.conda
  sha256: cc9accf72fa028d31c2a038460787751127317dcfa991f8d1f1babf216bb454e
  md5: 920bb03579f15389b9e512095ad995b7
  depends:
  - __glibc >=2.17,<3.0.a0
  - libgcc >=14
  license: MIT
  license_family: MIT
  size: 207882
  timestamp: 1765214722852
- conda: https://conda.anaconda.org/conda-forge/noarch/ca-certificates-2026.2.25-hbd8a1cb_0.conda
  sha256: 67cc7101b36421c5913a1687ef1b99f85b5d6868da3abbf6ec1a4181e79782fc
  md5: 4492fd26db29495f0ba23f146cd5638d
  depends:
  - __unix
  license: ISC
  size: 147413
  timestamp: 1772006283803
- conda: https://conda.anaconda.org/conda-forge/linux-64/clang-21.1.8-default_cfg_hcbb2b3e_3.conda
  sha256: 95005840854b3bbf7dc532bbfe4c41440e4f8f09025fcfc0867a44364e4d55c4
  md5: a4005c067f821870e61e9b304c3a97e5
  depends:
  - binutils
  - clang-21 21.1.8 default_h99862b1_3
  - clang_impl_linux-64 21.1.8 default_h0a60c25_3
  - libgcc-devel_linux-64
  - llvm-openmp >=21.1.8
  - sysroot_linux-64
  license: Apache-2.0 WITH LLVM-exception
  license_family: Apache
  size: 28574
  timestamp: 1770190597464
- conda: https://conda.anaconda.org/conda-forge/linux-64/clang-21-21.1.8-default_h99862b1_3.conda
  sha256: 8cb24fd34b01fdc88201105c28beca4bef0abb65fe32265579724c2d7b40a79b
  md5: 7d3b49f999a453c790221805a53dd0c2
  depends:
  - __glibc >=2.17,<3.0.a0
  - compiler-rt21 21.1.8.*
  - libclang-cpp21.1 21.1.8 default_h99862b1_3
  - libgcc >=14
  - libllvm21 >=21.1.8,<21.2.0a0
  - libstdcxx >=14
  license: Apache-2.0 WITH LLVM-exception
  license_family: Apache
  size: 829531
  timestamp: 1770190509059
- conda: https://conda.anaconda.org/conda-forge/linux-64/clang_impl_linux-64-21.1.8-default_h0a60c25_3.conda
  sha256: 2b3b374e932755158543c8fa9cdd0a6d341dd311134f0d4cfd5aa7a26bf06a5d
  md5: db1256951c811ecaec6548f04702dc1f
  depends:
  - binutils_impl_linux-64
  - clang-21 21.1.8 default_h99862b1_3
  - compiler-rt 21.1.8.*
  - compiler-rt_linux-64
  - libgcc-devel_linux-64
  - sysroot_linux-64
  license: Apache-2.0 WITH LLVM-exception
  license_family: Apache
  size: 28063
  timestamp: 1770190569629
- conda: https://conda.anaconda.org/conda-forge/linux-64/cmake-4.3.1-hc85cc9f_0.conda
  sha256: 8ff9f2c159c55ea2b920c4ea41f39cd3b9ecf86b218a377f2941cb1c8b534741
  md5: 0f753e779c0fee33c84ed1a110c0cb4a
  depends:
  - __glibc >=2.17,<3.0.a0
  - bzip2 >=1.0.8,<2.0a0
  - libcurl >=8.19.0,<9.0a0
  - libexpat >=2.7.4,<3.0a0
  - libgcc >=14
  - liblzma >=5.8.2,<6.0a0
  - libstdcxx >=14
  - libuv >=1.51.0,<2.0a0
  - libzlib >=1.3.2,<2.0a0
  - ncurses >=6.5,<7.0a0
  - rhash >=1.4.6,<2.0a0
  - zstd >=1.5.7,<1.6.0a0
  license: BSD-3-Clause
  license_family: BSD
  size: 23093161
  timestamp: 1774645184037
- conda: https://conda.anaconda.org/conda-forge/linux-64/compiler-rt-21.1.8-ha770c72_1.conda
  sha256: 858d6848e0b078c32e3a809d6d0e2d0ab9fc3069a567f117fd3dc71f9205e6d0
  md5: 3ac91ecdddec705b30d71680db84ac9d
  depends:
  - compiler-rt21 21.1.8 hb700be7_1
  - libcompiler-rt 21.1.8 hb700be7_1
  constrains:
  - clang 21.1.8
  license: Apache-2.0 WITH LLVM-exception
  license_family: APACHE
  size: 16177
  timestamp: 1769057142509
- conda: https://conda.anaconda.org/conda-forge/linux-64/compiler-rt21-21.1.8-hb700be7_1.conda
  sha256: ea3adf9924c6d52c9ba0767556e23f436b1619a99247aeda04f7d0907e9726b3
  md5: 7f1e2ba1c7d2ad3d5b57a12149c4af45
  depends:
  - __glibc >=2.17,<3.0.a0
  - compiler-rt21_linux-64 21.1.8.*
  - libgcc >=14
  - libstdcxx >=14
  license: Apache-2.0 WITH LLVM-exception
  license_family: APACHE
  size: 114459
  timestamp: 1769057141242
- conda: https://conda.anaconda.org/conda-forge/noarch/compiler-rt21_linux-64-21.1.8-hffcefe0_1.conda
  sha256: 65b0721f97be14265c8329ecb4e78a7e1233d0229878ffca5d15b98d90ba3977
  md5: 54bd44d384ce8d5ab5628a8950392b5a
  constrains:
  - compiler-rt >=9.0.1
  license: Apache-2.0 WITH LLVM-exception
  license_family: APACHE
  size: 48977047
  timestamp: 1769057035337
- conda: https://conda.anaconda.org/conda-forge/noarch/compiler-rt_linux-64-21.1.8-ha770c72_1.conda
  sha256: ba879743bae391ca774716a8db60c7b36c8c14fdc6f83535602ce303c27b985d
  md5: 12fe6c056aec14f14ee8b5d38b8247f0
  depends:
  - compiler-rt21_linux-64 21.1.8 hffcefe0_1
  constrains:
  - clang 21.1.8
  license: Apache-2.0 WITH LLVM-exception
  license_family: APACHE
  size: 16197
  timestamp: 1769057142076
- conda: https://conda.anaconda.org/conda-forge/linux-64/git-2.53.0-pl5321h6d3cee1_0.conda
  sha256: 33b20cf09ff1c6ca960e6c5f7fad1f08ffd3112a87d79e42ed56f4e1b4cdefe3
  md5: ad8d4260a6dae5f55960b26b237d576b
  depends:
  - __glibc >=2.28,<3.0.a0
  - libcurl >=8.18.0,<9.0a0
  - libexpat >=2.7.3,<3.0a0
  - libgcc >=14
  - libiconv >=1.18,<2.0a0
  - libzlib >=1.3.1,<2.0a0
  - openssl >=3.5.5,<4.0a0
  - pcre2 >=10.47,<10.48.0a0
  - perl 5.*
  license: GPL-2.0-or-later and LGPL-2.1-or-later
  size: 11447951
  timestamp: 1770982660115
- conda: https://conda.anaconda.org/conda-forge/noarch/kernel-headers_linux-64-4.18.0-he073ed8_9.conda
  sha256: 41557eeadf641de6aeae49486cef30d02a6912d8da98585d687894afd65b356a
  md5: 86d9cba083cd041bfbf242a01a7a1999
  constrains:
  - sysroot_linux-64 ==2.28
  license: LGPL-2.0-or-later AND LGPL-2.0-or-later WITH exceptions AND GPL-2.0-or-later
  license_family: GPL
  size: 1278712
  timestamp: 1765578681495
- conda: https://conda.anaconda.org/conda-forge/linux-64/keyutils-1.6.3-hb9d3cd8_0.conda
  sha256: 0960d06048a7185d3542d850986d807c6e37ca2e644342dd0c72feefcf26c2a4
  md5: b38117a3c920364aff79f870c984b4a3
  depends:
  - __glibc >=2.17,<3.0.a0
  - libgcc >=13
  license: LGPL-2.1-or-later
  size: 134088
  timestamp: 1754905959823
- conda: https://conda.anaconda.org/conda-forge/linux-64/krb5-1.22.2-ha1258a1_0.conda
  sha256: 3e307628ca3527448dd1cb14ad7bb9d04d1d28c7d4c5f97ba196ae984571dd25
  md5: fb53fb07ce46a575c5d004bbc96032c2
  depends:
  - __glibc >=2.17,<3.0.a0
  - keyutils >=1.6.3,<2.0a0
  - libedit >=3.1.20250104,<3.2.0a0
  - libedit >=3.1.20250104,<4.0a0
  - libgcc >=14
  - libstdcxx >=14
  - openssl >=3.5.5,<4.0a0
  license: MIT
  license_family: MIT
  size: 1386730
  timestamp: 1769769569681
- conda: https://conda.anaconda.org/conda-forge/linux-64/ld_impl_linux-64-2.45.1-default_hbd61a6d_102.conda
  sha256: 3d584956604909ff5df353767f3a2a2f60e07d070b328d109f30ac40cd62df6c
  md5: 18335a698559cdbcd86150a48bf54ba6
  depends:
  - __glibc >=2.17,<3.0.a0
  - zstd >=1.5.7,<1.6.0a0
  constrains:
  - binutils_impl_linux-64 2.45.1
  license: GPL-3.0-only
  license_family: GPL
  size: 728002
  timestamp: 1774197446916
- conda: https://conda.anaconda.org/conda-forge/linux-64/libclang-cpp21.1-21.1.8-default_h99862b1_3.conda
  sha256: de512ce246faec2d4f7766774769921a85b5aa053a74abd2f8c97ad50b393aac
  md5: 24a2802074d26aecfdbc9b3f1d8168d1
  depends:
  - __glibc >=2.17,<3.0.a0
  - libgcc >=14
  - libllvm21 >=21.1.8,<21.2.0a0
  - libstdcxx >=14
  license: Apache-2.0 WITH LLVM-exception
  license_family: Apache
  size: 21066639
  timestamp: 1770190428756
- conda: https://conda.anaconda.org/conda-forge/linux-64/libcompiler-rt-21.1.8-hb700be7_1.conda
  sha256: 6f76c19dd29c2d2916e919d01e929717a7c88145523c6dffe8619f3c8bb2f9eb
  md5: 3b4d8d38ce35c48ad0d6415ef286541e
  depends:
  - __glibc >=2.17,<3.0.a0
  - libgcc >=14
  - libstdcxx >=14
  constrains:
  - compiler-rt >=9.0.1
  license: Apache-2.0 WITH LLVM-exception
  license_family: APACHE
  size: 10606333
  timestamp: 1769057116625
- conda: https://conda.anaconda.org/conda-forge/linux-64/libcurl-8.19.0-hcf29cc6_0.conda
  sha256: a0390fd0536ebcd2244e243f5f00ab8e76ab62ed9aa214cd54470fe7496620f4
  md5: d50608c443a30c341c24277d28290f76
  depends:
  - __glibc >=2.17,<3.0.a0
  - krb5 >=1.22.2,<1.23.0a0
  - libgcc >=14
  - libnghttp2 >=1.67.0,<2.0a0
  - libssh2 >=1.11.1,<2.0a0
  - libzlib >=1.3.1,<2.0a0
  - openssl >=3.5.5,<4.0a0
  - zstd >=1.5.7,<1.6.0a0
  license: curl
  license_family: MIT
  size: 466704
  timestamp: 1773218522665
- conda: https://conda.anaconda.org/conda-forge/linux-64/libedit-3.1.20250104-pl5321h7949ede_0.conda
  sha256: d789471216e7aba3c184cd054ed61ce3f6dac6f87a50ec69291b9297f8c18724
  md5: c277e0a4d549b03ac1e9d6cbbe3d017b
  depends:
  - ncurses
  - __glibc >=2.17,<3.0.a0
  - libgcc >=13
  - ncurses >=6.5,<7.0a0
  license: BSD-2-Clause
  license_family: BSD
  size: 134676
  timestamp: 1738479519902
- conda: https://conda.anaconda.org/conda-forge/linux-64/libev-4.33-hd590300_2.conda
  sha256: 1cd6048169fa0395af74ed5d8f1716e22c19a81a8a36f934c110ca3ad4dd27b4
  md5: 172bf1cd1ff8629f2b1179945ed45055
  depends:
  - libgcc-ng >=12
  license: BSD-2-Clause
  license_family: BSD
  size: 112766
  timestamp: 1702146165126
- conda: https://conda.anaconda.org/conda-forge/linux-64/libexpat-2.7.5-hecca717_0.conda
  sha256: e8c2b57f6aacabdf2f1b0924bd4831ce5071ba080baa4a9e8c0d720588b6794c
  md5: 49f570f3bc4c874a06ea69b7225753af
  depends:
  - __glibc >=2.17,<3.0.a0
  - libgcc >=14
  constrains:
  - expat 2.7.5.*
  license: MIT
  license_family: MIT
  size: 76624
  timestamp: 1774719175983
- conda: https://conda.anaconda.org/conda-forge/linux-64/libgcc-15.2.0-he0feb66_18.conda
  sha256: faf7d2017b4d718951e3a59d081eb09759152f93038479b768e3d612688f83f5
  md5: 0aa00f03f9e39fb9876085dee11a85d4
  depends:
  - __glibc >=2.17,<3.0.a0
  - _openmp_mutex >=4.5
  constrains:
  - libgcc-ng ==15.2.0=*_18
  - libgomp 15.2.0 he0feb66_18
  license: GPL-3.0-only WITH GCC-exception-3.1
  license_family: GPL
  size: 1041788
  timestamp: 1771378212382
- conda: https://conda.anaconda.org/conda-forge/noarch/libgcc-devel_linux-64-15.2.0-hcc6f6b0_118.conda
  sha256: af69fc5852908d26e5b630b270982ac792506551dd6af1614bf0370dd5ab5746
  md5: 5d3a96d55f1be45fef88ee23155effd9
  depends:
  - __unix
  license: GPL-3.0-only WITH GCC-exception-3.1
  license_family: GPL
  size: 3085932
  timestamp: 1771378098166
- conda: https://conda.anaconda.org/conda-forge/linux-64/libgcc-ng-15.2.0-h69a702a_18.conda
  sha256: e318a711400f536c81123e753d4c797a821021fb38970cebfb3f454126016893
  md5: d5e96b1ed75ca01906b3d2469b4ce493
  depends:
  - libgcc 15.2.0 he0feb66_18
  license: GPL-3.0-only WITH GCC-exception-3.1
  license_family: GPL
  size: 27526
  timestamp: 1771378224552
- conda: https://conda.anaconda.org/conda-forge/linux-64/libgomp-15.2.0-he0feb66_18.conda
  sha256: 21337ab58e5e0649d869ab168d4e609b033509de22521de1bfed0c031bfc5110
  md5: 239c5e9546c38a1e884d69effcf4c882
  depends:
  - __glibc >=2.17,<3.0.a0
  license: GPL-3.0-only WITH GCC-exception-3.1
  license_family: GPL
  size: 603262
  timestamp: 1771378117851
- conda: https://conda.anaconda.org/conda-forge/linux-64/libiconv-1.18-h3b78370_2.conda
  sha256: c467851a7312765447155e071752d7bf9bf44d610a5687e32706f480aad2833f
  md5: 915f5995e94f60e9a4826e0b0920ee88
  depends:
  - __glibc >=2.17,<3.0.a0
  - libgcc >=14
  license: LGPL-2.1-only
  size: 790176
  timestamp: 1754908768807
- conda: https://conda.anaconda.org/conda-forge/linux-64/libllvm21-21.1.8-hf7376ad_0.conda
  sha256: 91bb4f5be1601b40b4995911d785e29387970f0b3c80f33f7f9028f95335399f
  md5: 1a2708a460884d6861425b7f9a7bef99
  depends:
  - __glibc >=2.17,<3.0.a0
  - libgcc >=14
  - libstdcxx >=14
  - libxml2
  - libxml2-16 >=2.14.6
  - libzlib >=1.3.1,<2.0a0
  - zstd >=1.5.7,<1.6.0a0
  license: Apache-2.0 WITH LLVM-exception
  license_family: Apache
  size: 44333366
  timestamp: 1765959132513
- conda: https://conda.anaconda.org/conda-forge/linux-64/liblzma-5.8.3-hb03c661_0.conda
  sha256: ec30e52a3c1bf7d0425380a189d209a52baa03f22fb66dd3eb587acaa765bd6d
  md5: b88d90cad08e6bc8ad540cb310a761fb
  depends:
  - __glibc >=2.17,<3.0.a0
  - libgcc >=14
  constrains:
  - xz 5.8.3.*
  license: 0BSD
  size: 113478
  timestamp: 1775825492909
- conda: https://conda.anaconda.org/conda-forge/linux-64/libnghttp2-1.68.1-h877daf1_0.conda
  sha256: 663444d77a42f2265f54fb8b48c5450bfff4388d9c0f8253dd7855f0d993153f
  md5: 2a45e7f8af083626f009645a6481f12d
  depends:
  - __glibc >=2.17,<3.0.a0
  - c-ares >=1.34.6,<2.0a0
  - libev >=4.33,<4.34.0a0
  - libev >=4.33,<5.0a0
  - libgcc >=14
  - libstdcxx >=14
  - libzlib >=1.3.1,<2.0a0
  - openssl >=3.5.5,<4.0a0
  license: MIT
  license_family: MIT
  size: 663344
  timestamp: 1773854035739
- conda: https://conda.anaconda.org/conda-forge/linux-64/libssh2-1.11.1-hcf80075_0.conda
  sha256: fa39bfd69228a13e553bd24601332b7cfeb30ca11a3ca50bb028108fe90a7661
  md5: eecce068c7e4eddeb169591baac20ac4
  depends:
  - __glibc >=2.17,<3.0.a0
  - libgcc >=13
  - libzlib >=1.3.1,<2.0a0
  - openssl >=3.5.0,<4.0a0
  license: BSD-3-Clause
  license_family: BSD
  size: 304790
  timestamp: 1745608545575
- conda: https://conda.anaconda.org/conda-forge/linux-64/libstdcxx-15.2.0-h934c35e_18.conda
  sha256: 78668020064fdaa27e9ab65cd2997e2c837b564ab26ce3bf0e58a2ce1a525c6e
  md5: 1b08cd684f34175e4514474793d44bcb
  depends:
  - __glibc >=2.17,<3.0.a0
  - libgcc 15.2.0 he0feb66_18
  constrains:
  - libstdcxx-ng ==15.2.0=*_18
  license: GPL-3.0-only WITH GCC-exception-3.1
  license_family: GPL
  size: 5852330
  timestamp: 1771378262446
- conda: https://conda.anaconda.org/conda-forge/linux-64/libuv-1.51.0-hb03c661_1.conda
  sha256: c180f4124a889ac343fc59d15558e93667d894a966ec6fdb61da1604481be26b
  md5: 0f03292cc56bf91a077a134ea8747118
  depends:
  - __glibc >=2.17,<3.0.a0
  - libgcc >=14
  license: MIT
  license_family: MIT
  size: 895108
  timestamp: 1753948278280
- conda: https://conda.anaconda.org/conda-forge/linux-64/libxcrypt-4.4.36-hd590300_1.conda
  sha256: 6ae68e0b86423ef188196fff6207ed0c8195dd84273cb5623b85aa08033a410c
  md5: 5aa797f8787fe7a17d1b0821485b5adc
  depends:
  - libgcc-ng >=12
  license: LGPL-2.1-or-later
  size: 100393
  timestamp: 1702724383534
- conda: https://conda.anaconda.org/conda-forge/linux-64/libxml2-2.15.2-h031cc0b_0.conda
  sha256: a9612f88139197b2777a00325c72d872507e70d4f4111021f65e55797f97de67
  md5: 672c49f67192f0a7c2fa55986219d197
  depends:
  - __glibc >=2.17,<3.0.a0
  - libgcc >=14
  - libiconv >=1.18,<2.0a0
  - liblzma >=5.8.2,<6.0a0
  - libxml2-16 2.15.2 hf2a90c1_0
  - libzlib >=1.3.1,<2.0a0
  constrains:
  - icu <0.0a0
  license: MIT
  license_family: MIT
  size: 46783
  timestamp: 1772704627225
- conda: https://conda.anaconda.org/conda-forge/linux-64/libxml2-16-2.15.2-hf2a90c1_0.conda
  sha256: 9448a9080c8c2d32964f4005a75bf9f5879e4e3163de23f8efe361f1d6234e2b
  md5: e44f52764dd288c96c4676a967b7e112
  depends:
  - __glibc >=2.17,<3.0.a0
  - libgcc >=14
  - libiconv >=1.18,<2.0a0
  - liblzma >=5.8.2,<6.0a0
  - libzlib >=1.3.1,<2.0a0
  constrains:
  - libxml2 2.15.2
  - icu <0.0a0
  license: MIT
  license_family: MIT
  size: 556790
  timestamp: 1772704614138
- conda: https://conda.anaconda.org/conda-forge/linux-64/libzlib-1.3.2-h25fd6f3_2.conda
  sha256: 55044c403570f0dc26e6364de4dc5368e5f3fc7ff103e867c487e2b5ab2bcda9
  md5: d87ff7921124eccd67248aa483c23fec
  depends:
  - __glibc >=2.17,<3.0.a0
  constrains:
  - zlib 1.3.2 *_2
  license: Zlib
  license_family: Other
  size: 63629
  timestamp: 1774072609062
- conda: https://conda.anaconda.org/conda-forge/linux-64/llvm-openmp-22.1.3-h4922eb0_0.conda
  sha256: 39ae724bd3cde1381df53bfb53e4d39da0dd613b180fdda5ac0a8ce1b43fb525
  md5: f7781cb22afa62ef27fd0b3300c53c86
  depends:
  - __glibc >=2.17,<3.0.a0
  constrains:
  - intel-openmp <0.0a0
  - openmp 22.1.3|22.1.3.*
  license: Apache-2.0 WITH LLVM-exception
  license_family: APACHE
  size: 6122352
  timestamp: 1775711717725
- conda: https://conda.anaconda.org/conda-forge/linux-64/ncurses-6.5-h2d0b736_3.conda
  sha256: 3fde293232fa3fca98635e1167de6b7c7fda83caf24b9d6c91ec9eefb4f4d586
  md5: 47e340acb35de30501a76c7c799c41d7
  depends:
  - __glibc >=2.17,<3.0.a0
  - libgcc >=13
  license: X11 AND BSD-3-Clause
  size: 891641
  timestamp: 1738195959188
- conda: https://conda.anaconda.org/conda-forge/linux-64/ninja-1.12.1-hff21bea_1.conda
  sha256: 1f2f7e26084971e87bfbb733f17d824ff3323ee9618fb713ae9932386da76aed
  md5: 2322531904f27501ee19847b87ba7c64
  depends:
  - __glibc >=2.17,<3.0.a0
  - libstdcxx >=13
  - libgcc >=13
  license: Apache-2.0
  license_family: APACHE
  size: 161883
  timestamp: 1745526264371
- conda: https://conda.anaconda.org/conda-forge/linux-64/openssl-3.6.2-h35e630c_0.conda
  sha256: c0ef482280e38c71a08ad6d71448194b719630345b0c9c60744a2010e8a8e0cb
  md5: da1b85b6a87e141f5140bb9924cecab0
  depends:
  - __glibc >=2.17,<3.0.a0
  - ca-certificates
  - libgcc >=14
  license: Apache-2.0
  license_family: Apache
  size: 3167099
  timestamp: 1775587756857
- conda: https://conda.anaconda.org/conda-forge/linux-64/pcre2-10.47-haa7fec5_0.conda
  sha256: 5e6f7d161356fefd981948bea5139c5aa0436767751a6930cb1ca801ebb113ff
  md5: 7a3bff861a6583f1889021facefc08b1
  depends:
  - __glibc >=2.17,<3.0.a0
  - bzip2 >=1.0.8,<2.0a0
  - libgcc >=14
  - libzlib >=1.3.1,<2.0a0
  license: BSD-3-Clause
  license_family: BSD
  size: 1222481
  timestamp: 1763655398280
- conda: https://conda.anaconda.org/conda-forge/linux-64/perl-5.32.1-7_hd590300_perl5.conda
  build_number: 7
  sha256: 9ec32b6936b0e37bcb0ed34f22ec3116e75b3c0964f9f50ecea5f58734ed6ce9
  md5: f2cfec9406850991f4e3d960cc9e3321
  depends:
  - libgcc-ng >=12
  - libxcrypt >=4.4.36
  license: GPL-1.0-or-later OR Artistic-1.0-Perl
  size: 13344463
  timestamp: 1703310653947
- conda: https://conda.anaconda.org/conda-forge/linux-64/rhash-1.4.6-hb9d3cd8_1.conda
  sha256: d5c73079c1dd2c2a313c3bfd81c73dbd066b7eb08d213778c8bff520091ae894
  md5: c1c9b02933fdb2cfb791d936c20e887e
  depends:
  - __glibc >=2.17,<3.0.a0
  - libgcc >=13
  license: MIT
  license_family: MIT
  size: 193775
  timestamp: 1748644872902
- conda: https://conda.anaconda.org/conda-forge/noarch/sysroot_linux-64-2.28-h4ee821c_9.conda
  sha256: c47299fe37aebb0fcf674b3be588e67e4afb86225be4b0d452c7eb75c086b851
  md5: 13dc3adbc692664cd3beabd216434749
  depends:
  - __glibc >=2.28
  - kernel-headers_linux-64 4.18.0 he073ed8_9
  - tzdata
  license: LGPL-2.0-or-later AND LGPL-2.0-or-later WITH exceptions AND GPL-2.0-or-later
  license_family: GPL
  size: 24008591
  timestamp: 1765578833462
- conda: https://conda.anaconda.org/conda-forge/noarch/tzdata-2025c-hc9c84f9_1.conda
  sha256: 1d30098909076af33a35017eed6f2953af1c769e273a0626a04722ac4acaba3c
  md5: ad659d0a2b3e47e38d829aa8cad2d610
  license: LicenseRef-Public-Domain
  size: 119135
  timestamp: 1767016325805
- conda: https://conda.anaconda.org/conda-forge/linux-64/zstd-1.5.7-hb78ec9c_6.conda
  sha256: 68f0206ca6e98fea941e5717cec780ed2873ffabc0e1ed34428c061e2c6268c7
  md5: 4a13eeac0b5c8e5b8ab496e6c4ddd829
  depends:
  - __glibc >=2.17,<3.0.a0
  - libzlib >=1.3.1,<2.0a0
  license: BSD-3-Clause
  license_family: BSD
  size: 601375
  timestamp: 1764777111296
